
Microsoft Visual Studio Solution File, Format Version 12.00
# Visual Studio 2013
VisualStudioVersion = 12.0.21005.1
MinimumVisualStudioVersion = 10.0.40219.1
Project("{FAE04EC0-301F-11D3-BF4B-00C04F79EFBC}") = "AmazonParser", "AmazonParser\AmazonParser.csproj", "{8BD9DAC3-864D-47BF-ADE9-BE55640BAAF4}"
EndProject
Project("{FAE04EC0-301F-11D3-BF4B-00C04F79EFBC}") = "AmazonParser.Tests", "AmazonParser.Tests\AmazonParser.Tests.csproj", "{3F386035-4AFD-477C-9FBF-6230C02ED02A}"
EndProject
Global
	GlobalSection(SolutionConfigurationPlatforms) = preSolution
		Debug|Any CPU = Debug|Any CPU
		Release|Any CPU = Release|Any CPU
	EndGlobalSection
	GlobalSection(ProjectConfigurationPlatforms) = postSolution
		{8BD9DAC3-864D-47BF-ADE9-BE55640BAAF4}.Debug|Any CPU.ActiveCfg = Debug|Any CPU
		{8BD9DAC3-864D-47BF-ADE9-BE55640BAAF4}.Debug|Any CPU.Build.0 = Debug|Any CPU
		{8BD9DAC3-864D-47BF-ADE9-BE55640BAAF4}.Release|Any CPU.ActiveCfg = Release|Any CPU
		{8BD9DAC3-864D-47BF-ADE9-BE55640BAAF4}.Release|Any CPU.Build.0 = Release|Any CPU
		{3F386035-4AFD-477C-9FBF-6230C02ED02A}.Debug|Any CPU.ActiveCfg = Debug|Any CPU
		{3F386035-4AFD-477C-9FBF-6230C02ED02A}.Debug|Any CPU.Build.0 = Debug|Any CPU
		{3F386035-4AFD-477C-9FBF-6230C02ED02A}.Release|Any CPU.ActiveCfg = Release|Any CPU
		{3F386035-4AFD-477C-9FBF-6230C02ED02A}.Release|Any CPU.Build.0 = Release|Any CPU
	EndGlobalSection
	GlobalSection(SolutionProperties) = preSolution
		HideSolutionNode = FALSE
	EndGlobalSection
EndGlobal
